PODS:
  - JSONModel (1.2.0)
  - JTCalendar (2.1.4)
  - Masonry (0.6.4)

DEPENDENCIES:
  - JSONModel
  - JTCalendar
  - Masonry

SPEC CHECKSUMS:
  JSONModel: 12523685c4b623553ccf844bbbf7007624317b2c
  JTCalendar: 9b1352c7ec41cc26b19c189d6608ba48060a53d9
  Masonry: 281802d04d787ea2973179ee8bcb50500579ede2

COCOAPODS: 0.39.0
